{
  "nodes": {
    "easy-purescript-nix": {
      "flake": false,
      "locked": {
        "lastModified": 1646209831,
        "narHash": "sha256-or8Z6aMWdrqcmFA0hhjjb6FIiW14C0ruwXAqy+zYZ8g=",
        "owner": "justinwoo",
        "repo": "easy-purescript-nix",
        "rev": "aa72388ca0fb72ed64467f59a121db1f104897db",
        "type": "github"
      },
      "original": {
        "owner": "justinwoo",
        "repo": "easy-purescript-nix",
        "type": "github"
      }
    },
    "flake-compat": {
      "flake": false,
      "locked": {
        "lastModified": 1641205782,
        "narHash": "sha256-4jY7RCWUoZ9cKD8co0/4tFARpWB+57+r1bLLvXNJliY=",
        "owner": "edolstra",
        "repo": "flake-compat",
        "rev": "b7547d3eed6f32d06102ead8991ec52ab0a4f1a7",
        "type": "github"
      },
      "original": {
        "owner": "edolstra",
        "repo": "flake-compat",
        "type": "github"
      }
    },
    "flake-utils": {
      "locked": {
        "lastModified": 1644229661,
        "narHash": "sha256-1YdnJAsNy69bpcjuoKdOYQX0YxZBiCYZo4Twxerqv7k=",
        "owner": "numtide",
        "repo": "flake-utils",
        "rev": "3cecb5b042f7f209c56ffd8371b2711a290ec797",
        "type": "github"
      },
      "original": {
        "owner": "numtide",
        "repo": "flake-utils",
        "type": "github"
      }
    },
    "nixpkgs": {
      "locked": {
        "lastModified": 1647297614,
        "narHash": "sha256-ulGq3W5XsrBMU/u5k9d4oPy65pQTkunR4HKKtTq0RwY=",
        "owner": "NixOS",
        "repo": "nixpkgs",
        "rev": "73ad5f9e147c0d2a2061f1d4bd91e05078dc0b58",
        "type": "github"
      },
      "original": {
        "id": "nixpkgs",
        "ref": "nixos-unstable",
        "type": "indirect"
      }
    },
    "root": {
      "inputs": {
        "easy-purescript-nix": "easy-purescript-nix",
        "flake-compat": "flake-compat",
        "flake-utils": "flake-utils",
        "nixpkgs": "nixpkgs"
      }
    }
  },
  "root": "root",
  "version": 7
}
